lockfile_version: '1'
generated_at: '2026-04-27T14:16:50.203917+00:00'
apm_version: 0.9.4
dependencies:
- repo_url: anthropics/claude-plugins-official
  host: github.com
  resolved_commit: 020446a4294f09d9c32e60bff0c4ae8fb39205cb
  virtual_path: plugins/commit-commands
  is_virtual: true
  package_type: marketplace_plugin
  deployed_files:
  - .github/prompts/clean_gone.prompt.md
  - .github/prompts/commit-push-pr.prompt.md
  - .github/prompts/commit.prompt.md
  deployed_file_hashes:
    .github/prompts/clean_gone.prompt.md: sha256:4f07fa2ccf4f81a69c6455bdc563b53a3d3b20aea6e4e82337c52b172ee02344
    .github/prompts/commit-push-pr.prompt.md: sha256:3bc3d171939149cbbef141cbced553dce6ba6f97dac4a764f4ef1e055c35064d
    .github/prompts/commit.prompt.md: sha256:d1acbc2bf0c50164f48d6bda872de6a343cd9390954ce903c3431c3119e7f8c4
  content_hash: sha256:f382e5ffe364e2cfe8f72eba4ea3dcc48bab9818843fb46fee1aa19982372356
- repo_url: anthropics/claude-plugins-official
  host: github.com
  resolved_commit: 020446a4294f09d9c32e60bff0c4ae8fb39205cb
  virtual_path: plugins/feature-dev
  is_virtual: true
  package_type: marketplace_plugin
  deployed_files:
  - .github/agents/code-architect.agent.md
  - .github/agents/code-explorer.agent.md
  - .github/agents/code-reviewer.agent.md
  - .github/prompts/feature-dev.prompt.md
  deployed_file_hashes:
    .github/agents/code-architect.agent.md: sha256:c50fb08d59a4bbd19660860626a049e44cf1a2b0c1cf782e6c7a99ba7e71b0c3
    .github/agents/code-explorer.agent.md: sha256:3b277703de7458988ec3b8021c716f79f642e174950ed332629310f68322029a
    .github/agents/code-reviewer.agent.md: sha256:533b9967ca21b7e9572236935cada4bfd03d7dd362cb2e680a2d13aa0d699232
    .github/prompts/feature-dev.prompt.md: sha256:652e5d6264fd253fcb70c2f84de986a88d77109a02410aacd90230a6ab4bf557
  content_hash: sha256:e5c97927d74c3765d954d63336d2dc7bd71c8bf201f49e24db3e0abe5375a48e
- repo_url: anthropics/claude-plugins-official
  host: github.com
  resolved_commit: 020446a4294f09d9c32e60bff0c4ae8fb39205cb
  virtual_path: plugins/pr-review-toolkit
  is_virtual: true
  package_type: marketplace_plugin
  deployed_files:
  - .github/agents/code-reviewer.agent.md
  - .github/agents/code-simplifier.agent.md
  - .github/agents/comment-analyzer.agent.md
  - .github/agents/pr-test-analyzer.agent.md
  - .github/agents/silent-failure-hunter.agent.md
  - .github/agents/type-design-analyzer.agent.md
  - .github/prompts/review-pr.prompt.md
  deployed_file_hashes:
    .github/agents/code-reviewer.agent.md: sha256:533b9967ca21b7e9572236935cada4bfd03d7dd362cb2e680a2d13aa0d699232
    .github/agents/code-simplifier.agent.md: sha256:976ddb22b84bc5a714216531a75db5e73169554add6b953442beeedb49b56891
    .github/agents/comment-analyzer.agent.md: sha256:da0540c507e42a7f66df0b09f81f3c9d3b246620a8f2be4e84b85b97f7b4e2f5
    .github/agents/pr-test-analyzer.agent.md: sha256:d369fd3946a814bb7a9d4f32e971722fe259e301878986bc6312d6f6c56014a8
    .github/agents/silent-failure-hunter.agent.md: sha256:fa9b0daec5a267e7e66435cc48b3328301fc9f70c3af259fe248881327a1babc
    .github/agents/type-design-analyzer.agent.md: sha256:ad160052fd3b45395d531d5e97e54940a1b660443fb513db3feb613848b6e72d
    .github/prompts/review-pr.prompt.md: sha256:5e70c17293a044e1bf9d092c80b5da8b4fd5802ebb07dc53993dec4ba7ce2fc4
  content_hash: sha256:624f7e06d9fda71c4b92eb9994947a67f1400afdf2e98e22fd28b1df10e30d78
- repo_url: kawasima/evolutionary-naming
  host: github.com
  resolved_commit: 9ff0280833cc781018618d5294b52cbeced0d409
  virtual_path: skills/evolutionary-naming
  is_virtual: true
  package_type: claude_skill
  deployed_files:
  - .github/skills/evolutionary-naming
  content_hash: sha256:a438787e6c9036a9f6502aee470a1160fe8d30fbffe952ed24aec0f0d70f438b
- repo_url: mattpocock/skills
  host: github.com
  resolved_commit: 90ea8eec03d4ae8f43427aaf6fe4722653561a42
  virtual_path: design-an-interface
  is_virtual: true
  package_type: claude_skill
  deployed_files:
  - .github/skills/design-an-interface
  content_hash: sha256:885b05367fb1cf61a1e27e0d50f14d2502a05c1fa276c6e9ea050ce6a90e7095
- repo_url: mattpocock/skills
  host: github.com
  resolved_commit: 90ea8eec03d4ae8f43427aaf6fe4722653561a42
  virtual_path: grill-me
  is_virtual: true
  package_type: claude_skill
  deployed_files:
  - .github/skills/grill-me
  content_hash: sha256:784f0dbb7403b0f00324bce9a112f715342777a0daee7bbb7385f9c6f0a170ea
- repo_url: mattpocock/skills
  host: github.com
  resolved_commit: 90ea8eec03d4ae8f43427aaf6fe4722653561a42
  virtual_path: improve-codebase-architecture
  is_virtual: true
  package_type: claude_skill
  deployed_files:
  - .github/skills/improve-codebase-architecture
  content_hash: sha256:b627d5ecf36847d678b470aa87f46da602ee1013af8c97cd26ad4d005e59662d
- repo_url: mattpocock/skills
  host: github.com
  resolved_commit: 90ea8eec03d4ae8f43427aaf6fe4722653561a42
  virtual_path: request-refactor-plan
  is_virtual: true
  package_type: claude_skill
  deployed_files:
  - .github/skills/request-refactor-plan
  content_hash: sha256:176cf1d0c4dc4fc4d958c4bc4ed67f222f2656bda2f3f15e3a3e98b2e5edaf2f
- repo_url: mattpocock/skills
  host: github.com
  resolved_commit: 90ea8eec03d4ae8f43427aaf6fe4722653561a42
  virtual_path: to-issues
  is_virtual: true
  package_type: claude_skill
  deployed_files:
  - .github/skills/to-issues
  content_hash: sha256:2db47f0db7e6975486cd28bc6744f1358b47a434fb98df5b6ad507b6c3685b6a
- repo_url: vladikk/modularity
  host: github.com
  resolved_commit: bcdca9a595764b9aa88d5d8d6020f52e7f5f1f52
  package_type: marketplace_plugin
  deployed_files:
  - .github/skills/balanced-coupling
  - .github/skills/design
  - .github/skills/document
  - .github/skills/review
  content_hash: sha256:54ea641fae2a967039ddd249e804e8a55b8c98e938e73202fa0476e1b72f2c2f
