# This file is automatically @generated by Cargo.
# It is not intended for manual editing.
version = 4

[[package]]
name = "adapter-aws-cognito"
version = "0.1.0"
dependencies = [
 "application",
 "domain",
]

[[package]]
name = "adapter-aws-dynamodb"
version = "0.1.0"
dependencies = [
 "application",
 "domain",
]

[[package]]
name = "adapter-aws-s3"
version = "0.1.0"
dependencies = [
 "application",
 "domain",
]

[[package]]
name = "adapter-aws-sqs"
version = "0.1.0"
dependencies = [
 "application",
 "domain",
]

[[package]]
name = "adapter-graphql"
version = "0.1.0"
dependencies = [
 "application",
 "domain",
]

[[package]]
name = "adapter-postgres"
version = "0.1.0"
dependencies = [
 "application",
 "domain",
]

[[package]]
name = "api-bootstrap"
version = "0.1.0"
dependencies = [
 "adapter-aws-cognito",
 "adapter-aws-dynamodb",
 "adapter-aws-s3",
 "adapter-aws-sqs",
 "adapter-graphql",
 "adapter-postgres",
 "application",
]

[[package]]
name = "application"
version = "0.1.0"
dependencies = [
 "domain",
]

[[package]]
name = "architecture-validator"
version = "0.1.0"

[[package]]
name = "domain"
version = "0.1.0"

[[package]]
name = "harness-runtime"
version = "0.1.0"

[[package]]
name = "integration-test-support"
version = "0.1.0"
dependencies = [
 "harness-runtime",
]

[[package]]
name = "xtask"
version = "0.1.0"
dependencies = [
 "architecture-validator",
 "harness-runtime",
]
